
Microsoft Visual Studio Solution File, Format Version 12.00
# Visual Studio Version 17
VisualStudioVersion = 17.1.32210.238
MinimumVisualStudioVersion = 10.0.40219.1
Project("{9A19103F-16F7-4668-BE54-9A1E7A4F7556}") = "Server", "Server\Server.csproj", "{72FCD8A3-6502-4DB6-AFA4-19445EE7AE0B}"
EndProject
Project("{9A19103F-16F7-4668-BE54-9A1E7A4F7556}") = "Client", "Client\Client.csproj", "{80F3C8AC-21CB-45DE-BD91-7FF3D81A507E}"
EndProject
Project("{FAE04EC0-301F-11D3-BF4B-00C04F79EFBC}") = "Encoder", "Encoder\Encoder.csproj", "{CAAC167C-1F8B-4634-AE58-8D942251D8C8}"
EndProject
Project("{FAE04EC0-301F-11D3-BF4B-00C04F79EFBC}") = "Testing", "Testing\Testing.csproj", "{87EC09F6-0676-4C77-8484-853726769D69}"
EndProject
Global
	GlobalSection(SolutionConfigurationPlatforms) = preSolution
		Debug|Any CPU = Debug|Any CPU
		Release|Any CPU = Release|Any CPU
	EndGlobalSection
	GlobalSection(ProjectConfigurationPlatforms) = postSolution
		{72FCD8A3-6502-4DB6-AFA4-19445EE7AE0B}.Debug|Any CPU.ActiveCfg = Debug|Any CPU
		{72FCD8A3-6502-4DB6-AFA4-19445EE7AE0B}.Debug|Any CPU.Build.0 = Debug|Any CPU
		{72FCD8A3-6502-4DB6-AFA4-19445EE7AE0B}.Release|Any CPU.ActiveCfg = Release|Any CPU
		{72FCD8A3-6502-4DB6-AFA4-19445EE7AE0B}.Release|Any CPU.Build.0 = Release|Any CPU
		{80F3C8AC-21CB-45DE-BD91-7FF3D81A507E}.Debug|Any CPU.ActiveCfg = Debug|Any CPU
		{80F3C8AC-21CB-45DE-BD91-7FF3D81A507E}.Debug|Any CPU.Build.0 = Debug|Any CPU
		{80F3C8AC-21CB-45DE-BD91-7FF3D81A507E}.Release|Any CPU.ActiveCfg = Release|Any CPU
		{80F3C8AC-21CB-45DE-BD91-7FF3D81A507E}.Release|Any CPU.Build.0 = Release|Any CPU
		{CAAC167C-1F8B-4634-AE58-8D942251D8C8}.Debug|Any CPU.ActiveCfg = Debug|Any CPU
		{CAAC167C-1F8B-4634-AE58-8D942251D8C8}.Debug|Any CPU.Build.0 = Debug|Any CPU
		{CAAC167C-1F8B-4634-AE58-8D942251D8C8}.Release|Any CPU.ActiveCfg = Release|Any CPU
		{CAAC167C-1F8B-4634-AE58-8D942251D8C8}.Release|Any CPU.Build.0 = Release|Any CPU
		{87EC09F6-0676-4C77-8484-853726769D69}.Debug|Any CPU.ActiveCfg = Debug|Any CPU
		{87EC09F6-0676-4C77-8484-853726769D69}.Debug|Any CPU.Build.0 = Debug|Any CPU
		{87EC09F6-0676-4C77-8484-853726769D69}.Release|Any CPU.ActiveCfg = Release|Any CPU
		{87EC09F6-0676-4C77-8484-853726769D69}.Release|Any CPU.Build.0 = Release|Any CPU
	EndGlobalSection
	GlobalSection(SolutionProperties) = preSolution
		HideSolutionNode = FALSE
	EndGlobalSection
	GlobalSection(ExtensibilityGlobals) = postSolution
		SolutionGuid = {BE7608FB-6D06-48FC-B6DF-A0950D6BB1A4}
	EndGlobalSection
EndGlobal
